{
  "name": "cra-template-mini",
  "version": "1.0.5",
  "lockfileVersion": 2,
  "requires": true,
  "packages": {
    "": {
      "name": "cra-template-mini",
      "version": "1.0.5",
      "license": "MIT",
      "dependencies": {
        "rpncc": "^3.0.3"
      },
      "engines": {
        "node": ">=10"
      }
    },
    "node_modules/chance": {
      "version": "1.1.8",
      "resolved": "https://registry.npmjs.org/chance/-/chance-1.1.8.tgz",
      "integrity": "sha512-v7fi5Hj2VbR6dJEGRWLmJBA83LJMS47pkAbmROFxHWd9qmE1esHRZW8Clf1Fhzr3rjxnNZVCjOEv/ivFxeIMtg=="
    },
    "node_modules/rpncc": {
      "version": "3.0.3",
      "resolved": "https://registry.npmjs.org/rpncc/-/rpncc-3.0.3.tgz",
      "integrity": "sha512-FNP1OtmtwW6TsV/DeC8nP3kmIZ/ahTf0h2voapGyq1FjQ6QADpCnKiEzHsG4ziDEjHSRoeQWwT4jUldSslIjmw==",
      "dependencies": {
        "chance": "^1.1.4"
      }
    }
  },
  "dependencies": {
    "chance": {
      "version": "1.1.8",
      "resolved": "https://registry.npmjs.org/chance/-/chance-1.1.8.tgz",
      "integrity": "sha512-v7fi5Hj2VbR6dJEGRWLmJBA83LJMS47pkAbmROFxHWd9qmE1esHRZW8Clf1Fhzr3rjxnNZVCjOEv/ivFxeIMtg=="
    },
    "rpncc": {
      "version": "3.0.3",
      "resolved": "https://registry.npmjs.org/rpncc/-/rpncc-3.0.3.tgz",
      "integrity": "sha512-FNP1OtmtwW6TsV/DeC8nP3kmIZ/ahTf0h2voapGyq1FjQ6QADpCnKiEzHsG4ziDEjHSRoeQWwT4jUldSslIjmw==",
      "requires": {
        "chance": "^1.1.4"
      }
    }
  }
}
